
Microsoft Visual Studio Solution File, Format Version 12.00
# Visual Studio Version 17
VisualStudioVersion = 17.7.34202.233
MinimumVisualStudioVersion = 10.0.40219.1
Project("{FAE04EC0-301F-11D3-BF4B-00C04F79EFBC}") = "2lab", "2lab\2lab.csproj", "{5E8CCD4C-6062-49BA-88B6-024A025AE45D}"
EndProject
Global
	GlobalSection(SolutionConfigurationPlatforms) = preSolution
		Debug|Any CPU = Debug|Any CPU
		Release|Any CPU = Release|Any CPU
	EndGlobalSection
	GlobalSection(ProjectConfigurationPlatforms) = postSolution
		{5E8CCD4C-6062-49BA-88B6-024A025AE45D}.Debug|Any CPU.ActiveCfg = Debug|Any CPU
		{5E8CCD4C-6062-49BA-88B6-024A025AE45D}.Debug|Any CPU.Build.0 = Debug|Any CPU
		{5E8CCD4C-6062-49BA-88B6-024A025AE45D}.Release|Any CPU.ActiveCfg = Release|Any CPU
		{5E8CCD4C-6062-49BA-88B6-024A025AE45D}.Release|Any CPU.Build.0 = Release|Any CPU
	EndGlobalSection
	GlobalSection(SolutionProperties) = preSolution
		HideSolutionNode = FALSE
	EndGlobalSection
	GlobalSection(ExtensibilityGlobals) = postSolution
		SolutionGuid = {3D2C3549-28F4-4BC6-B02B-8508DCEDE57D}
	EndGlobalSection
EndGlobal
